// !$*UTF8*$!
{
	archiveVersion = 1;
	classes = {
	};
	objectVersion = 56;
	objects = {

/* Begin PBXBuildFile section */
		74728FF22AF6CD7000A1A022 /* mainTimeline.swift in Sources */ = {isa = PBXBuildFile; fileRef = 74728FF12AF6CD7000A1A022 /* mainTimeline.swift */; };
		747290042AF6E9D600A1A022 /* ViewController.swift in Sources */ = {isa = PBXBuildFile; fileRef = 747290032AF6E9D600A1A022 /* ViewController.swift */; };
		747290062AF6EA0800A1A022 /* selfieCamera.swift in Sources */ = {isa = PBXBuildFile; fileRef = 747290052AF6EA0800A1A022 /* selfieCamera.swift */; };
		747290092AF749E400A1A022 /* LoginView.swift in Sources */ = {isa = PBXBuildFile; fileRef = 747290072AF749E400A1A022 /* LoginView.swift */; };
		7472900A2AF749E400A1A022 /* Image.swift in Sources */ = {isa = PBXBuildFile; fileRef = 747290082AF749E400A1A022 /* Image.swift */; };
		74AA39262AF60BC600BA2BA5 /* HelloWorldAppApp.swift in Sources */ = {isa = PBXBuildFile; fileRef = 74AA39252AF60BC600BA2BA5 /* HelloWorldAppApp.swift */; };
		74AA39282AF60BC600BA2BA5 /* appWrapper.swift in Sources */ = {isa = PBXBuildFile; fileRef = 74AA39272AF60BC600BA2BA5 /* appWrapper.swift */; };
		74AA392A2AF60BC900BA2BA5 /* Assets.xcassets in Resources */ = {isa = PBXBuildFile; fileRef = 74AA39292AF60BC900BA2BA5 /* Assets.xcassets */; };
		74AA392D2AF60BC900BA2BA5 /* Preview Assets.xcassets in Resources */ = {isa = PBXBuildFile; fileRef = 74AA392C2AF60BC900BA2BA5 /* Preview Assets.xcassets */; };
		74AA39372AF60BCA00BA2BA5 /* HelloWorldAppTests.swift in Sources */ = {isa = PBXBuildFile; fileRef = 74AA39362AF60BCA00BA2BA5 /* HelloWorldAppTests.swift */; };
		74AA39412AF60BCA00BA2BA5 /* HelloWorldAppUITests.swift in Sources */ = {isa = PBXBuildFile; fileRef = 74AA39402AF60BCA00BA2BA5 /* HelloWorldAppUITests.swift */; };
		74AA39432AF60BCA00BA2BA5 /* HelloWorldAppUITestsLaunchTests.swift in Sources */ = {isa = PBXBuildFile; fileRef = 74AA39422AF60BCA00BA2BA5 /* HelloWorldAppUITestsLaunchTests.swift */; };
		74AA39532AF6182500BA2BA5 /* SFSymbols.swift in Sources */ = {isa = PBXBuildFile; fileRef = 74AA39522AF6182500BA2BA5 /* SFSymbols.swift */; };
		74AA39572AF68F2000BA2BA5 /* friendsTimeline.swift in Sources */ = {isa = PBXBuildFile; fileRef = 74AA39562AF68F2000BA2BA5 /* friendsTimeline.swift */; };
		74AA39592AF68F3200BA2BA5 /* scrapbook.swift in Sources */ = {isa = PBXBuildFile; fileRef = 74AA39582AF68F3200BA2BA5 /* scrapbook.swift */; };
		74AA39642AF6B7FC00BA2BA5 /* emojiPopup.swift in Sources */ = {isa = PBXBuildFile; fileRef = 74AA39632AF6B7FC00BA2BA5 /* emojiPopup.swift */; };
		BDA6E80A2AF749E8000229F6 /* HttpClientHelper.swift in Sources */ = {isa = PBXBuildFile; fileRef = BDA6E8092AF749E8000229F6 /* HttpClientHelper.swift */; };
		BDA6E80D2AF74A23000229F6 /* Result.swift in Sources */ = {isa = PBXBuildFile; fileRef = BDA6E80C2AF74A23000229F6 /* Result.swift */; };
		BDA6E8102AF74A4E000229F6 /* LoadingState.swift in Sources */ = {isa = PBXBuildFile; fileRef = BDA6E80F2AF74A4E000229F6 /* LoadingState.swift */; };
		BDA6E8122AF74A60000229F6 /* LoadingError.swift in Sources */ = {isa = PBXBuildFile; fileRef = BDA6E8112AF74A60000229F6 /* LoadingError.swift */; };
		BDA6E8172AF74AA5000229F6 /* LoginViewModel.swift in Sources */ = {isa = PBXBuildFile; fileRef = BDA6E8162AF74AA5000229F6 /* LoginViewModel.swift */; };
		BDA6E81A2AF74AD4000229F6 /* LoginDataAccess.swift in Sources */ = {isa = PBXBuildFile; fileRef = BDA6E8192AF74AD4000229F6 /* LoginDataAccess.swift */; };
		BDA6E81C2AF74B12000229F6 /* User.swift in Sources */ = {isa = PBXBuildFile; fileRef = BDA6E81B2AF74B12000229F6 /* User.swift */; };
		BDA6E81E2AF750FD000229F6 /* LandmarkDataAccess.swift in Sources */ = {isa = PBXBuildFile; fileRef = BDA6E81D2AF750FD000229F6 /* LandmarkDataAccess.swift */; };
		BDA6E8202AF75131000229F6 /* Landmark.swift in Sources */ = {isa = PBXBuildFile; fileRef = BDA6E81F2AF75131000229F6 /* Landmark.swift */; };
		BDA6E8222AF75210000229F6 /* LandmarkViewModel.swift in Sources */ = {isa = PBXBuildFile; fileRef = BDA6E8212AF75210000229F6 /* LandmarkViewModel.swift */; };
		BDA6E8242AF75239000229F6 /* LocationManager.swift in Sources */ = {isa = PBXBuildFile; fileRef = BDA6E8232AF75239000229F6 /* LocationManager.swift */; };
		BDA6E8262AF75258000229F6 /* Coordinate.swift in Sources */ = {isa = PBXBuildFile; fileRef = BDA6E8252AF75258000229F6 /* Coordinate.swift */; };
		BDA6E8282AF7535A000229F6 /* InteractionDataAccess.swift in Sources */ = {isa = PBXBuildFile; fileRef = BDA6E8272AF7535A000229F6 /* InteractionDataAccess.swift */; };
		BDA6E82A2AF75384000229F6 /* Interaction.swift in Sources */ = {isa = PBXBuildFile; fileRef = BDA6E8292AF75384000229F6 /* Interaction.swift */; };
		BDA6E82C2AF755A2000229F6 /* InteractionViewModel.swift in Sources */ = {isa = PBXBuildFile; fileRef = BDA6E82B2AF755A2000229F6 /* InteractionViewModel.swift */; };
		BDA6E82E2AF75D32000229F6 /* CreateAccountView.swift in Sources */ = {isa = PBXBuildFile; fileRef = BDA6E82D2AF75D32000229F6 /* CreateAccountView.swift */; };
		BDA6E8312AF778CC000229F6 /* CreateUserResponse.swift in Sources */ = {isa = PBXBuildFile; fileRef = BDA6E8302AF778CC000229F6 /* CreateUserResponse.swift */; };
		BDA6E8332AF780F3000229F6 /* NotificationManager.swift in Sources */ = {isa = PBXBuildFile; fileRef = BDA6E8322AF780F3000229F6 /* NotificationManager.swift */; };
		BDA6E8352AF78A81000229F6 /* MapView.swift in Sources */ = {isa = PBXBuildFile; fileRef = BDA6E8342AF78A81000229F6 /* MapView.swift */; };
		BDA6E8372AF78ACD000229F6 /* AnnotationItem.swift in Sources */ = {isa = PBXBuildFile; fileRef = BDA6E8362AF78ACD000229F6 /* AnnotationItem.swift */; };
		BDA6E8392AF78EE6000229F6 /* LocationTimeline.swift in Sources */ = {isa = PBXBuildFile; fileRef = BDA6E8382AF78EE6000229F6 /* LocationTimeline.swift */; };
/* End PBXBuildFile section */

/* Begin PBXContainerItemProxy section */
		74AA39332AF60BCA00BA2BA5 /* PBXContainerItemProxy */ = {
			isa = PBXContainerItemProxy;
			containerPortal = 74AA391A2AF60BC500BA2BA5 /* Project object */;
			proxyType = 1;
			remoteGlobalIDString = 74AA39212AF60BC500BA2BA5;
			remoteInfo = HelloWorldApp;
		};
		74AA393D2AF60BCA00BA2BA5 /* PBXContainerItemProxy */ = {
			isa = PBXContainerItemProxy;
			containerPortal = 74AA391A2AF60BC500BA2BA5 /* Project object */;
			proxyType = 1;
			remoteGlobalIDString = 74AA39212AF60BC500BA2BA5;
			remoteInfo = HelloWorldApp;
		};
/* End PBXContainerItemProxy section */

/* Begin PBXFileReference section */
		74728FF12AF6CD7000A1A022 /* mainTimeline.swift */ = {isa = PBXFileReference; lastKnownFileType = sourcecode.swift; path = mainTimeline.swift; sourceTree = "<group>"; };
		747290032AF6E9D600A1A022 /* ViewController.swift */ = {isa = PBXFileReference; lastKnownFileType = sourcecode.swift; path = ViewController.swift; sourceTree = "<group>"; };
		747290052AF6EA0800A1A022 /* selfieCamera.swift */ = {isa = PBXFileReference; lastKnownFileType = sourcecode.swift; path = selfieCamera.swift; sourceTree = "<group>"; };
		747290072AF749E400A1A022 /* LoginView.swift */ = {isa = PBXFileReference; fileEncoding = 4; lastKnownFileType = sourcecode.swift; path = LoginView.swift; sourceTree = "<group>"; };
		747290082AF749E400A1A022 /* Image.swift */ = {isa = PBXFileReference; fileEncoding = 4; lastKnownFileType = sourcecode.swift; path = Image.swift; sourceTree = "<group>"; };
		74AA39222AF60BC600BA2BA5 /* HelloWorldApp.app */ = {isa = PBXFileReference; explicitFileType = wrapper.application; includeInIndex = 0; path = HelloWorldApp.app; sourceTree = BUILT_PRODUCTS_DIR; };
		74AA39252AF60BC600BA2BA5 /* HelloWorldAppApp.swift */ = {isa = PBXFileReference; lastKnownFileType = sourcecode.swift; path = HelloWorldAppApp.swift; sourceTree = "<group>"; };
		74AA39272AF60BC600BA2BA5 /* appWrapper.swift */ = {isa = PBXFileReference; lastKnownFileType = sourcecode.swift; path = appWrapper.swift; sourceTree = "<group>"; };
		74AA39292AF60BC900BA2BA5 /* Assets.xcassets */ = {isa = PBXFileReference; lastKnownFileType = folder.assetcatalog; path = Assets.xcassets; sourceTree = "<group>"; };
		74AA392C2AF60BC900BA2BA5 /* Preview Assets.xcassets */ = {isa = PBXFileReference; lastKnownFileType = folder.assetcatalog; path = "Preview Assets.xcassets"; sourceTree = "<group>"; };
		74AA39322AF60BCA00BA2BA5 /* HelloWorldAppTests.xctest */ = {isa = PBXFileReference; explicitFileType = wrapper.cfbundle; includeInIndex = 0; path = HelloWorldAppTests.xctest; sourceTree = BUILT_PRODUCTS_DIR; };
		74AA39362AF60BCA00BA2BA5 /* HelloWorldAppTests.swift */ = {isa = PBXFileReference; lastKnownFileType = sourcecode.swift; path = HelloWorldAppTests.swift; sourceTree = "<group>"; };
		74AA393C2AF60BCA00BA2BA5 /* HelloWorldAppUITests.xctest */ = {isa = PBXFileReference; explicitFileType = wrapper.cfbundle; includeInIndex = 0; path = HelloWorldAppUITests.xctest; sourceTree = BUILT_PRODUCTS_DIR; };
		74AA39402AF60BCA00BA2BA5 /* HelloWorldAppUITests.swift */ = {isa = PBXFileReference; lastKnownFileType = sourcecode.swift; path = HelloWorldAppUITests.swift; sourceTree = "<group>"; };
		74AA39422AF60BCA00BA2BA5 /* HelloWorldAppUITestsLaunchTests.swift */ = {isa = PBXFileReference; lastKnownFileType = sourcecode.swift; path = HelloWorldAppUITestsLaunchTests.swift; sourceTree = "<group>"; };
		74AA39522AF6182500BA2BA5 /* SFSymbols.swift */ = {isa = PBXFileReference; lastKnownFileType = sourcecode.swift; path = SFSymbols.swift; sourceTree = "<group>"; };
		74AA39562AF68F2000BA2BA5 /* friendsTimeline.swift */ = {isa = PBXFileReference; lastKnownFileType = sourcecode.swift; path = friendsTimeline.swift; sourceTree = "<group>"; };
		74AA39582AF68F3200BA2BA5 /* scrapbook.swift */ = {isa = PBXFileReference; lastKnownFileType = sourcecode.swift; path = scrapbook.swift; sourceTree = "<group>"; };
		74AA39632AF6B7FC00BA2BA5 /* emojiPopup.swift */ = {isa = PBXFileReference; lastKnownFileType = sourcecode.swift; path = emojiPopup.swift; sourceTree = "<group>"; };
		BDA6E8092AF749E8000229F6 /* HttpClientHelper.swift */ = {isa = PBXFileReference; lastKnownFileType = sourcecode.swift; path = HttpClientHelper.swift; sourceTree = "<group>"; };
		BDA6E80C2AF74A23000229F6 /* Result.swift */ = {isa = PBXFileReference; lastKnownFileType = sourcecode.swift; path = Result.swift; sourceTree = "<group>"; };
		BDA6E80F2AF74A4E000229F6 /* LoadingState.swift */ = {isa = PBXFileReference; lastKnownFileType = sourcecode.swift; path = LoadingState.swift; sourceTree = "<group>"; };
		BDA6E8112AF74A60000229F6 /* LoadingError.swift */ = {isa = PBXFileReference; lastKnownFileType = sourcecode.swift; path = LoadingError.swift; sourceTree = "<group>"; };
		BDA6E8162AF74AA5000229F6 /* LoginViewModel.swift */ = {isa = PBXFileReference; lastKnownFileType = sourcecode.swift; path = LoginViewModel.swift; sourceTree = "<group>"; };
		BDA6E8192AF74AD4000229F6 /* LoginDataAccess.swift */ = {isa = PBXFileReference; lastKnownFileType = sourcecode.swift; path = LoginDataAccess.swift; sourceTree = "<group>"; };
		BDA6E81B2AF74B12000229F6 /* User.swift */ = {isa = PBXFileReference; lastKnownFileType = sourcecode.swift; path = User.swift; sourceTree = "<group>"; };
		BDA6E81D2AF750FD000229F6 /* LandmarkDataAccess.swift */ = {isa = PBXFileReference; lastKnownFileType = sourcecode.swift; path = LandmarkDataAccess.swift; sourceTree = "<group>"; };
		BDA6E81F2AF75131000229F6 /* Landmark.swift */ = {isa = PBXFileReference; lastKnownFileType = sourcecode.swift; path = Landmark.swift; sourceTree = "<group>"; };
		BDA6E8212AF75210000229F6 /* LandmarkViewModel.swift */ = {isa = PBXFileReference; lastKnownFileType = sourcecode.swift; path = LandmarkViewModel.swift; sourceTree = "<group>"; };
		BDA6E8232AF75239000229F6 /* LocationManager.swift */ = {isa = PBXFileReference; lastKnownFileType = sourcecode.swift; path = LocationManager.swift; sourceTree = "<group>"; };
		BDA6E8252AF75258000229F6 /* Coordinate.swift */ = {isa = PBXFileReference; lastKnownFileType = sourcecode.swift; path = Coordinate.swift; sourceTree = "<group>"; };
		BDA6E8272AF7535A000229F6 /* InteractionDataAccess.swift */ = {isa = PBXFileReference; lastKnownFileType = sourcecode.swift; path = InteractionDataAccess.swift; sourceTree = "<group>"; };
		BDA6E8292AF75384000229F6 /* Interaction.swift */ = {isa = PBXFileReference; lastKnownFileType = sourcecode.swift; path = Interaction.swift; sourceTree = "<group>"; };
		BDA6E82B2AF755A2000229F6 /* InteractionViewModel.swift */ = {isa = PBXFileReference; lastKnownFileType = sourcecode.swift; path = InteractionViewModel.swift; sourceTree = "<group>"; };
		BDA6E82D2AF75D32000229F6 /* CreateAccountView.swift */ = {isa = PBXFileReference; lastKnownFileType = sourcecode.swift; path = CreateAccountView.swift; sourceTree = "<group>"; };
		BDA6E82F2AF7669C000229F6 /* Info.plist */ = {isa = PBXFileReference; lastKnownFileType = text.plist; path = Info.plist; sourceTree = "<group>"; };
		BDA6E8302AF778CC000229F6 /* CreateUserResponse.swift */ = {isa = PBXFileReference; lastKnownFileType = sourcecode.swift; path = CreateUserResponse.swift; sourceTree = "<group>"; };
		BDA6E8322AF780F3000229F6 /* NotificationManager.swift */ = {isa = PBXFileReference; lastKnownFileType = sourcecode.swift; path = NotificationManager.swift; sourceTree = "<group>"; };
		BDA6E8342AF78A81000229F6 /* MapView.swift */ = {isa = PBXFileReference; lastKnownFileType = sourcecode.swift; path = MapView.swift; sourceTree = "<group>"; };
		BDA6E8362AF78ACD000229F6 /* AnnotationItem.swift */ = {isa = PBXFileReference; lastKnownFileType = sourcecode.swift; path = AnnotationItem.swift; sourceTree = "<group>"; };
		BDA6E8382AF78EE6000229F6 /* LocationTimeline.swift */ = {isa = PBXFileReference; lastKnownFileType = sourcecode.swift; path = LocationTimeline.swift; sourceTree = "<group>"; };
/* End PBXFileReference section */

/* Begin PBXFrameworksBuildPhase section */
		74AA391F2AF60BC500BA2BA5 /* Frameworks */ = {
			isa = PBXFrameworksBuildPhase;
			buildActionMask = 2147483647;
			files = (
			);
			runOnlyForDeploymentPostprocessing = 0;
		};
		74AA392F2AF60BCA00BA2BA5 /* Frameworks */ = {
			isa = PBXFrameworksBuildPhase;
			buildActionMask = 2147483647;
			files = (
			);
			runOnlyForDeploymentPostprocessing = 0;
		};
		74AA39392AF60BCA00BA2BA5 /* Frameworks */ = {
			isa = PBXFrameworksBuildPhase;
			buildActionMask = 2147483647;
			files = (
			);
			runOnlyForDeploymentPostprocessing = 0;
		};
/* End PBXFrameworksBuildPhase section */

/* Begin PBXGroup section */
		74AA39192AF60BC500BA2BA5 = {
			isa = PBXGroup;
			children = (
				74AA39242AF60BC600BA2BA5 /* HelloWorldApp */,
				74AA39352AF60BCA00BA2BA5 /* HelloWorldAppTests */,
				74AA393F2AF60BCA00BA2BA5 /* HelloWorldAppUITests */,
				74AA39232AF60BC600BA2BA5 /* Products */,
			);
			sourceTree = "<group>";
		};
		74AA39232AF60BC600BA2BA5 /* Products */ = {
			isa = PBXGroup;
			children = (
				74AA39222AF60BC600BA2BA5 /* HelloWorldApp.app */,
				74AA39322AF60BCA00BA2BA5 /* HelloWorldAppTests.xctest */,
				74AA393C2AF60BCA00BA2BA5 /* HelloWorldAppUITests.xctest */,
			);
			name = Products;
			sourceTree = "<group>";
		};
		74AA39242AF60BC600BA2BA5 /* HelloWorldApp */ = {
			isa = PBXGroup;
			children = (
				BDA6E82F2AF7669C000229F6 /* Info.plist */,
				BDA6E8182AF74AB9000229F6 /* DataAccess */,
				BDA6E8152AF74A99000229F6 /* ViewModels */,
				BDA6E80B2AF74A0A000229F6 /* Models */,
				74AA39622AF6B7D800BA2BA5 /* Views */,
				74AA39512AF6181200BA2BA5 /* Utilities */,
				74AA39252AF60BC600BA2BA5 /* HelloWorldAppApp.swift */,
				74AA39292AF60BC900BA2BA5 /* Assets.xcassets */,
				74AA392B2AF60BC900BA2BA5 /* Preview Content */,
			);
			path = HelloWorldApp;
			sourceTree = "<group>";
		};
		74AA392B2AF60BC900BA2BA5 /* Preview Content */ = {
			isa = PBXGroup;
			children = (
				74AA392C2AF60BC900BA2BA5 /* Preview Assets.xcassets */,
			);
			path = "Preview Content";
			sourceTree = "<group>";
		};
		74AA39352AF60BCA00BA2BA5 /* HelloWorldAppTests */ = {
			isa = PBXGroup;
			children = (
				74AA39362AF60BCA00BA2BA5 /* HelloWorldAppTests.swift */,
			);
			path = HelloWorldAppTests;
			sourceTree = "<group>";
		};
		74AA393F2AF60BCA00BA2BA5 /* HelloWorldAppUITests */ = {
			isa = PBXGroup;
			children = (
				74AA39402AF60BCA00BA2BA5 /* HelloWorldAppUITests.swift */,
				74AA39422AF60BCA00BA2BA5 /* HelloWorldAppUITestsLaunchTests.swift */,
			);
			path = HelloWorldAppUITests;
			sourceTree = "<group>";
		};
		74AA39512AF6181200BA2BA5 /* Utilities */ = {
			isa = PBXGroup;
			children = (
				74AA39522AF6182500BA2BA5 /* SFSymbols.swift */,
				BDA6E8092AF749E8000229F6 /* HttpClientHelper.swift */,
				BDA6E8232AF75239000229F6 /* LocationManager.swift */,
				BDA6E8322AF780F3000229F6 /* NotificationManager.swift */,
			);
			path = Utilities;
			sourceTree = "<group>";
		};
		74AA39622AF6B7D800BA2BA5 /* Views */ = {
			isa = PBXGroup;
			children = (
				74AA39272AF60BC600BA2BA5 /* appWrapper.swift */,
				74AA39562AF68F2000BA2BA5 /* friendsTimeline.swift */,
				74AA39582AF68F3200BA2BA5 /* scrapbook.swift */,
				74AA39632AF6B7FC00BA2BA5 /* emojiPopup.swift */,
				74728FF12AF6CD7000A1A022 /* mainTimeline.swift */,
				747290032AF6E9D600A1A022 /* ViewController.swift */,
				747290052AF6EA0800A1A022 /* selfieCamera.swift */,
				747290072AF749E400A1A022 /* LoginView.swift */,
				747290082AF749E400A1A022 /* Image.swift */,
				BDA6E82D2AF75D32000229F6 /* CreateAccountView.swift */,
				BDA6E8342AF78A81000229F6 /* MapView.swift */,
				BDA6E8382AF78EE6000229F6 /* LocationTimeline.swift */,
			);
			path = Views;
			sourceTree = "<group>";
		};
		BDA6E80B2AF74A0A000229F6 /* Models */ = {
			isa = PBXGroup;
			children = (
				BDA6E80E2AF74A42000229F6 /* Enums */,
				BDA6E80C2AF74A23000229F6 /* Result.swift */,
				BDA6E81B2AF74B12000229F6 /* User.swift */,
				BDA6E81F2AF75131000229F6 /* Landmark.swift */,
				BDA6E8252AF75258000229F6 /* Coordinate.swift */,
				BDA6E8292AF75384000229F6 /* Interaction.swift */,
				BDA6E8302AF778CC000229F6 /* CreateUserResponse.swift */,
				BDA6E8362AF78ACD000229F6 /* AnnotationItem.swift */,
			);
			path = Models;
			sourceTree = "<group>";
		};
		BDA6E80E2AF74A42000229F6 /* Enums */ = {
			isa = PBXGroup;
			children = (
				BDA6E80F2AF74A4E000229F6 /* LoadingState.swift */,
				BDA6E8112AF74A60000229F6 /* LoadingError.swift */,
			);
			path = Enums;
			sourceTree = "<group>";
		};
		BDA6E8152AF74A99000229F6 /* ViewModels */ = {
			isa = PBXGroup;
			children = (
				BDA6E8162AF74AA5000229F6 /* LoginViewModel.swift */,
				BDA6E8212AF75210000229F6 /* LandmarkViewModel.swift */,
				BDA6E82B2AF755A2000229F6 /* InteractionViewModel.swift */,
			);
			path = ViewModels;
			sourceTree = "<group>";
		};
		BDA6E8182AF74AB9000229F6 /* DataAccess */ = {
			isa = PBXGroup;
			children = (
				BDA6E8192AF74AD4000229F6 /* LoginDataAccess.swift */,
				BDA6E81D2AF750FD000229F6 /* LandmarkDataAccess.swift */,
				BDA6E8272AF7535A000229F6 /* InteractionDataAccess.swift */,
			);
			path = DataAccess;
			sourceTree = "<group>";
		};
/* End PBXGroup section */

/* Begin PBXNativeTarget section */
		74AA39212AF60BC500BA2BA5 /* HelloWorldApp */ = {
			isa = PBXNativeTarget;
			buildConfigurationList = 74AA39462AF60BCA00BA2BA5 /* Build configuration list for PBXNativeTarget "HelloWorldApp" */;
			buildPhases = (
				74AA391E2AF60BC500BA2BA5 /* Sources */,
				74AA391F2AF60BC500BA2BA5 /* Frameworks */,
				74AA39202AF60BC500BA2BA5 /* Resources */,
			);
			buildRules = (
			);
			dependencies = (
			);
			name = HelloWorldApp;
			productName = HelloWorldApp;
			productReference = 74AA39222AF60BC600BA2BA5 /* HelloWorldApp.app */;
			productType = "com.apple.product-type.application";
		};
		74AA39312AF60BCA00BA2BA5 /* HelloWorldAppTests */ = {
			isa = PBXNativeTarget;
			buildConfigurationList = 74AA39492AF60BCA00BA2BA5 /* Build configuration list for PBXNativeTarget "HelloWorldAppTests" */;
			buildPhases = (
				74AA392E2AF60BCA00BA2BA5 /* Sources */,
				74AA392F2AF60BCA00BA2BA5 /* Frameworks */,
				74AA39302AF60BCA00BA2BA5 /* Resources */,
			);
			buildRules = (
			);
			dependencies = (
				74AA39342AF60BCA00BA2BA5 /* PBXTargetDependency */,
			);
			name = HelloWorldAppTests;
			productName = HelloWorldAppTests;
			productReference = 74AA39322AF60BCA00BA2BA5 /* HelloWorldAppTests.xctest */;
			productType = "com.apple.product-type.bundle.unit-test";
		};
		74AA393B2AF60BCA00BA2BA5 /* HelloWorldAppUITests */ = {
			isa = PBXNativeTarget;
			buildConfigurationList = 74AA394C2AF60BCA00BA2BA5 /* Build configuration list for PBXNativeTarget "HelloWorldAppUITests" */;
			buildPhases = (
				74AA39382AF60BCA00BA2BA5 /* Sources */,
				74AA39392AF60BCA00BA2BA5 /* Frameworks */,
				74AA393A2AF60BCA00BA2BA5 /* Resources */,
			);
			buildRules = (
			);
			dependencies = (
				74AA393E2AF60BCA00BA2BA5 /* PBXTargetDependency */,
			);
			name = HelloWorldAppUITests;
			productName = HelloWorldAppUITests;
			productReference = 74AA393C2AF60BCA00BA2BA5 /* HelloWorldAppUITests.xctest */;
			productType = "com.apple.product-type.bundle.ui-testing";
		};
/* End PBXNativeTarget section */

/* Begin PBXProject section */
		74AA391A2AF60BC500BA2BA5 /* Project object */ = {
			isa = PBXProject;
			attributes = {
				BuildIndependentTargetsInParallel = 1;
				LastSwiftUpdateCheck = 1500;
				LastUpgradeCheck = 1500;
				TargetAttributes = {
					74AA39212AF60BC500BA2BA5 = {
						CreatedOnToolsVersion = 15.0.1;
					};
					74AA39312AF60BCA00BA2BA5 = {
						CreatedOnToolsVersion = 15.0.1;
						TestTargetID = 74AA39212AF60BC500BA2BA5;
					};
					74AA393B2AF60BCA00BA2BA5 = {
						CreatedOnToolsVersion = 15.0.1;
						TestTargetID = 74AA39212AF60BC500BA2BA5;
					};
				};
			};
			buildConfigurationList = 74AA391D2AF60BC500BA2BA5 /* Build configuration list for PBXProject "Hello World" */;
			compatibilityVersion = "Xcode 14.0";
			developmentRegion = en;
			hasScannedForEncodings = 0;
			knownRegions = (
				en,
				Base,
			);
			mainGroup = 74AA39192AF60BC500BA2BA5;
			productRefGroup = 74AA39232AF60BC600BA2BA5 /* Products */;
			projectDirPath = "";
			projectRoot = "";
			targets = (
				74AA39212AF60BC500BA2BA5 /* HelloWorldApp */,
				74AA39312AF60BCA00BA2BA5 /* HelloWorldAppTests */,
				74AA393B2AF60BCA00BA2BA5 /* HelloWorldAppUITests */,
			);
		};
/* End PBXProject section */

/* Begin PBXResourcesBuildPhase section */
		74AA39202AF60BC500BA2BA5 /* Resources */ = {
			isa = PBXResourcesBuildPhase;
			buildActionMask = 2147483647;
			files = (
				74AA392D2AF60BC900BA2BA5 /* Preview Assets.xcassets in Resources */,
				74AA392A2AF60BC900BA2BA5 /* Assets.xcassets in Resources */,
			);
			runOnlyForDeploymentPostprocessing = 0;
		};
		74AA39302AF60BCA00BA2BA5 /* Resources */ = {
			isa = PBXResourcesBuildPhase;
			buildActionMask = 2147483647;
			files = (
			);
			runOnlyForDeploymentPostprocessing = 0;
		};
		74AA393A2AF60BCA00BA2BA5 /* Resources */ = {
			isa = PBXResourcesBuildPhase;
			buildActionMask = 2147483647;
			files = (
			);
			runOnlyForDeploymentPostprocessing = 0;
		};
/* End PBXResourcesBuildPhase section */

/* Begin PBXSourcesBuildPhase section */
		74AA391E2AF60BC500BA2BA5 /* Sources */ = {
			isa = PBXSourcesBuildPhase;
			buildActionMask = 2147483647;
			files = (
				7472900A2AF749E400A1A022 /* Image.swift in Sources */,
				BDA6E8392AF78EE6000229F6 /* LocationTimeline.swift in Sources */,
				74728FF22AF6CD7000A1A022 /* mainTimeline.swift in Sources */,
				747290062AF6EA0800A1A022 /* selfieCamera.swift in Sources */,
				BDA6E8202AF75131000229F6 /* Landmark.swift in Sources */,
				74AA39282AF60BC600BA2BA5 /* appWrapper.swift in Sources */,
				BDA6E82C2AF755A2000229F6 /* InteractionViewModel.swift in Sources */,
				BDA6E8262AF75258000229F6 /* Coordinate.swift in Sources */,
				747290042AF6E9D600A1A022 /* ViewController.swift in Sources */,
				BDA6E81A2AF74AD4000229F6 /* LoginDataAccess.swift in Sources */,
				BDA6E8352AF78A81000229F6 /* MapView.swift in Sources */,
				BDA6E82E2AF75D32000229F6 /* CreateAccountView.swift in Sources */,
				BDA6E8102AF74A4E000229F6 /* LoadingState.swift in Sources */,
				BDA6E8332AF780F3000229F6 /* NotificationManager.swift in Sources */,
				BDA6E8222AF75210000229F6 /* LandmarkViewModel.swift in Sources */,
				BDA6E8282AF7535A000229F6 /* InteractionDataAccess.swift in Sources */,
				BDA6E81C2AF74B12000229F6 /* User.swift in Sources */,
				BDA6E82A2AF75384000229F6 /* Interaction.swift in Sources */,
				74AA39262AF60BC600BA2BA5 /* HelloWorldAppApp.swift in Sources */,
				BDA6E80D2AF74A23000229F6 /* Result.swift in Sources */,
				BDA6E8172AF74AA5000229F6 /* LoginViewModel.swift in Sources */,
				BDA6E81E2AF750FD000229F6 /* LandmarkDataAccess.swift in Sources */,
				BDA6E80A2AF749E8000229F6 /* HttpClientHelper.swift in Sources */,
				BDA6E8122AF74A60000229F6 /* LoadingError.swift in Sources */,
				74AA39572AF68F2000BA2BA5 /* friendsTimeline.swift in Sources */,
				BDA6E8372AF78ACD000229F6 /* AnnotationItem.swift in Sources */,
				BDA6E8242AF75239000229F6 /* LocationManager.swift in Sources */,
				74AA39532AF6182500BA2BA5 /* SFSymbols.swift in Sources */,
				747290092AF749E400A1A022 /* LoginView.swift in Sources */,
				BDA6E8312AF778CC000229F6 /* CreateUserResponse.swift in Sources */,
				74AA39592AF68F3200BA2BA5 /* scrapbook.swift in Sources */,
				74AA39642AF6B7FC00BA2BA5 /* emojiPopup.swift in Sources */,
			);
			runOnlyForDeploymentPostprocessing = 0;
		};
		74AA392E2AF60BCA00BA2BA5 /* Sources */ = {
			isa = PBXSourcesBuildPhase;
			buildActionMask = 2147483647;
			files = (
				74AA39372AF60BCA00BA2BA5 /* HelloWorldAppTests.swift in Sources */,
			);
			runOnlyForDeploymentPostprocessing = 0;
		};
		74AA39382AF60BCA00BA2BA5 /* Sources */ = {
			isa = PBXSourcesBuildPhase;
			buildActionMask = 2147483647;
			files = (
				74AA39432AF60BCA00BA2BA5 /* HelloWorldAppUITestsLaunchTests.swift in Sources */,
				74AA39412AF60BCA00BA2BA5 /* HelloWorldAppUITests.swift in Sources */,
			);
			runOnlyForDeploymentPostprocessing = 0;
		};
/* End PBXSourcesBuildPhase section */

/* Begin PBXTargetDependency section */
		74AA39342AF60BCA00BA2BA5 /* PBXTargetDependency */ = {
			isa = PBXTargetDependency;
			target = 74AA39212AF60BC500BA2BA5 /* HelloWorldApp */;
			targetProxy = 74AA39332AF60BCA00BA2BA5 /* PBXContainerItemProxy */;
		};
		74AA393E2AF60BCA00BA2BA5 /* PBXTargetDependency */ = {
			isa = PBXTargetDependency;
			target = 74AA39212AF60BC500BA2BA5 /* HelloWorldApp */;
			targetProxy = 74AA393D2AF60BCA00BA2BA5 /* PBXContainerItemProxy */;
		};
/* End PBXTargetDependency section */

/* Begin XCBuildConfiguration section */
		74AA39442AF60BCA00BA2BA5 /* Debug */ = {
			isa = XCBuildConfiguration;
			buildSettings = {
				ALWAYS_SEARCH_USER_PATHS = NO;
				ASSETCATALOG_COMPILER_GENERATE_SWIFT_ASSET_SYMBOL_EXTENSIONS = YES;
				CLANG_ANALYZER_NONNULL = YES;
				CLANG_ANALYZER_NUMBER_OBJECT_CONVERSION = YES_AGGRESSIVE;
				CLANG_CXX_LANGUAGE_STANDARD = "gnu++20";
				CLANG_ENABLE_MODULES = YES;
				CLANG_ENABLE_OBJC_ARC = YES;
				CLANG_ENABLE_OBJC_WEAK = YES;
				CLANG_WARN_BLOCK_CAPTURE_AUTORELEASING = YES;
				CLANG_WARN_BOOL_CONVERSION = YES;
				CLANG_WARN_COMMA = YES;
				CLANG_WARN_CONSTANT_CONVERSION = YES;
				CLANG_WARN_DEPRECATED_OBJC_IMPLEMENTATIONS = YES;
				CLANG_WARN_DIRECT_OBJC_ISA_USAGE = YES_ERROR;
				CLANG_WARN_DOCUMENTATION_COMMENTS = YES;
				CLANG_WARN_EMPTY_BODY = YES;
				CLANG_WARN_ENUM_CONVERSION = YES;
				CLANG_WARN_INFINITE_RECURSION = YES;
				CLANG_WARN_INT_CONVERSION = YES;
				CLANG_WARN_NON_LITERAL_NULL_CONVERSION = YES;
				CLANG_WARN_OBJC_IMPLICIT_RETAIN_SELF = YES;
				CLANG_WARN_OBJC_LITERAL_CONVERSION = YES;
				CLANG_WARN_OBJC_ROOT_CLASS = YES_ERROR;
				CLANG_WARN_QUOTED_INCLUDE_IN_FRAMEWORK_HEADER = YES;
				CLANG_WARN_RANGE_LOOP_ANALYSIS = YES;
				CLANG_WARN_STRICT_PROTOTYPES = YES;
				CLANG_WARN_SUSPICIOUS_MOVE = YES;
				CLANG_WARN_UNGUARDED_AVAILABILITY = YES_AGGRESSIVE;
				CLANG_WARN_UNREACHABLE_CODE = YES;
				CLANG_WARN__DUPLICATE_METHOD_MATCH = YES;
				COPY_PHASE_STRIP = NO;
				DEBUG_INFORMATION_FORMAT = dwarf;
				ENABLE_STRICT_OBJC_MSGSEND = YES;
				ENABLE_TESTABILITY = YES;
				ENABLE_USER_SCRIPT_SANDBOXING = YES;
				GCC_C_LANGUAGE_STANDARD = gnu17;
				GCC_DYNAMIC_NO_PIC = NO;
				GCC_NO_COMMON_BLOCKS = YES;
				GCC_OPTIMIZATION_LEVEL = 0;
				GCC_PREPROCESSOR_DEFINITIONS = (
					"DEBUG=1",
					"$(inherited)",
				);
				GCC_WARN_64_TO_32_BIT_CONVERSION = YES;
				GCC_WARN_ABOUT_RETURN_TYPE = YES_ERROR;
				GCC_WARN_UNDECLARED_SELECTOR = YES;
				GCC_WARN_UNINITIALIZED_AUTOS = YES_AGGRESSIVE;
				GCC_WARN_UNUSED_FUNCTION = YES;
				GCC_WARN_UNUSED_VARIABLE = YES;
				IPHONEOS_DEPLOYMENT_TARGET = 16.1;
				LOCALIZATION_PREFERS_STRING_CATALOGS = YES;
				MTL_ENABLE_DEBUG_INFO = INCLUDE_SOURCE;
				MTL_FAST_MATH = YES;
				ONLY_ACTIVE_ARCH = YES;
				SDKROOT = iphoneos;
				SWIFT_ACTIVE_COMPILATION_CONDITIONS = "DEBUG $(inherited)";
				SWIFT_OPTIMIZATION_LEVEL = "-Onone";
			};
			name = Debug;
		};
		74AA39452AF60BCA00BA2BA5 /* Release */ = {
			isa = XCBuildConfiguration;
			buildSettings = {
				ALWAYS_SEARCH_USER_PATHS = NO;
				ASSETCATALOG_COMPILER_GENERATE_SWIFT_ASSET_SYMBOL_EXTENSIONS = YES;
				CLANG_ANALYZER_NONNULL = YES;
				CLANG_ANALYZER_NUMBER_OBJECT_CONVERSION = YES_AGGRESSIVE;
				CLANG_CXX_LANGUAGE_STANDARD = "gnu++20";
				CLANG_ENABLE_MODULES = YES;
				CLANG_ENABLE_OBJC_ARC = YES;
				CLANG_ENABLE_OBJC_WEAK = YES;
				CLANG_WARN_BLOCK_CAPTURE_AUTORELEASING = YES;
				CLANG_WARN_BOOL_CONVERSION = YES;
				CLANG_WARN_COMMA = YES;
				CLANG_WARN_CONSTANT_CONVERSION = YES;
				CLANG_WARN_DEPRECATED_OBJC_IMPLEMENTATIONS = YES;
				CLANG_WARN_DIRECT_OBJC_ISA_USAGE = YES_ERROR;
				CLANG_WARN_DOCUMENTATION_COMMENTS = YES;
				CLANG_WARN_EMPTY_BODY = YES;
				CLANG_WARN_ENUM_CONVERSION = YES;
				CLANG_WARN_INFINITE_RECURSION = YES;
				CLANG_WARN_INT_CONVERSION = YES;
				CLANG_WARN_NON_LITERAL_NULL_CONVERSION = YES;
				CLANG_WARN_OBJC_IMPLICIT_RETAIN_SELF = YES;
				CLANG_WARN_OBJC_LITERAL_CONVERSION = YES;
				CLANG_WARN_OBJC_ROOT_CLASS = YES_ERROR;
				CLANG_WARN_QUOTED_INCLUDE_IN_FRAMEWORK_HEADER = YES;
				CLANG_WARN_RANGE_LOOP_ANALYSIS = YES;
				CLANG_WARN_STRICT_PROTOTYPES = YES;
				CLANG_WARN_SUSPICIOUS_MOVE = YES;
				CLANG_WARN_UNGUARDED_AVAILABILITY = YES_AGGRESSIVE;
				CLANG_WARN_UNREACHABLE_CODE = YES;
				CLANG_WARN__DUPLICATE_METHOD_MATCH = YES;
				COPY_PHASE_STRIP = NO;
				DEBUG_INFORMATION_FORMAT = "dwarf-with-dsym";
				ENABLE_NS_ASSERTIONS = NO;
				ENABLE_STRICT_OBJC_MSGSEND = YES;
				ENABLE_USER_SCRIPT_SANDBOXING = YES;
				GCC_C_LANGUAGE_STANDARD = gnu17;
				GCC_NO_COMMON_BLOCKS = YES;
				GCC_WARN_64_TO_32_BIT_CONVERSION = YES;
				GCC_WARN_ABOUT_RETURN_TYPE = YES_ERROR;
				GCC_WARN_UNDECLARED_SELECTOR = YES;
				GCC_WARN_UNINITIALIZED_AUTOS = YES_AGGRESSIVE;
				GCC_WARN_UNUSED_FUNCTION = YES;
				GCC_WARN_UNUSED_VARIABLE = YES;
				IPHONEOS_DEPLOYMENT_TARGET = 16.1;
				LOCALIZATION_PREFERS_STRING_CATALOGS = YES;
				MTL_ENABLE_DEBUG_INFO = NO;
				MTL_FAST_MATH = YES;
				SDKROOT = iphoneos;
				SWIFT_COMPILATION_MODE = wholemodule;
				VALIDATE_PRODUCT = YES;
			};
			name = Release;
		};
		74AA39472AF60BCA00BA2BA5 /* Debug */ = {
			isa = XCBuildConfiguration;
			buildSettings = {
				ASSETCATALOG_COMPILER_APPICON_NAME = AppIcon;
				ASSETCATALOG_COMPILER_GLOBAL_ACCENT_COLOR_NAME = AccentColor;
				CODE_SIGN_STYLE = Automatic;
				CURRENT_PROJECT_VERSION = 1;
				DEVELOPMENT_ASSET_PATHS = "\"HelloWorldApp/Preview Content\"";
				DEVELOPMENT_TEAM = X3N2CFBLA9;
				ENABLE_PREVIEWS = YES;
				GENERATE_INFOPLIST_FILE = YES;
				INFOPLIST_FILE = HelloWorldApp/Info.plist;
				INFOPLIST_KEY_NSCameraUsageDescription = "";
				INFOPLIST_KEY_UIApplicationSceneManifest_Generation = YES;
				INFOPLIST_KEY_UIApplicationSupportsIndirectInputEvents = YES;
				INFOPLIST_KEY_UILaunchScreen_Generation = YES;
				INFOPLIST_KEY_UISupportedInterfaceOrientations_iPad = "UIInterfaceOrientationPortrait UIInterfaceOrientationPortraitUpsideDown UIInterfaceOrientationLandscapeLeft UIInterfaceOrientationLandscapeRight";
				INFOPLIST_KEY_UISupportedInterfaceOrientations_iPhone = "UIInterfaceOrientationPortrait UIInterfaceOrientationLandscapeLeft UIInterfaceOrientationLandscapeRight";
				IPHONEOS_DEPLOYMENT_TARGET = 16.1;
				LD_RUNPATH_SEARCH_PATHS = (
					"$(inherited)",
					"@executable_path/Frameworks",
				);
				MARKETING_VERSION = 1.0;
				PRODUCT_BUNDLE_IDENTIFIER = what.HelloWorldApp1;
				PRODUCT_NAME = "$(TARGET_NAME)";
				SWIFT_EMIT_LOC_STRINGS = YES;
				SWIFT_VERSION = 5.0;
				TARGETED_DEVICE_FAMILY = "1,2";
			};
			name = Debug;
		};
		74AA39482AF60BCA00BA2BA5 /* Release */ = {
			isa = XCBuildConfiguration;
			buildSettings = {
				ASSETCATALOG_COMPILER_APPICON_NAME = AppIcon;
				ASSETCATALOG_COMPILER_GLOBAL_ACCENT_COLOR_NAME = AccentColor;
				CODE_SIGN_STYLE = Automatic;
				CURRENT_PROJECT_VERSION = 1;
				DEVELOPMENT_ASSET_PATHS = "\"HelloWorldApp/Preview Content\"";
				DEVELOPMENT_TEAM = X3N2CFBLA9;
				ENABLE_PREVIEWS = YES;
				GENERATE_INFOPLIST_FILE = YES;
				INFOPLIST_FILE = HelloWorldApp/Info.plist;
				INFOPLIST_KEY_NSCameraUsageDescription = "";
				INFOPLIST_KEY_UIApplicationSceneManifest_Generation = YES;
				INFOPLIST_KEY_UIApplicationSupportsIndirectInputEvents = YES;
				INFOPLIST_KEY_UILaunchScreen_Generation = YES;
				INFOPLIST_KEY_UISupportedInterfaceOrientations_iPad = "UIInterfaceOrientationPortrait UIInterfaceOrientationPortraitUpsideDown UIInterfaceOrientationLandscapeLeft UIInterfaceOrientationLandscapeRight";
				INFOPLIST_KEY_UISupportedInterfaceOrientations_iPhone = "UIInterfaceOrientationPortrait UIInterfaceOrientationLandscapeLeft UIInterfaceOrientationLandscapeRight";
				IPHONEOS_DEPLOYMENT_TARGET = 16.1;
				LD_RUNPATH_SEARCH_PATHS = (
					"$(inherited)",
					"@executable_path/Frameworks",
				);
				MARKETING_VERSION = 1.0;
				PRODUCT_BUNDLE_IDENTIFIER = what.HelloWorldApp1;
				PRODUCT_NAME = "$(TARGET_NAME)";
				SWIFT_EMIT_LOC_STRINGS = YES;
				SWIFT_VERSION = 5.0;
				TARGETED_DEVICE_FAMILY = "1,2";
			};
			name = Release;
		};
		74AA394A2AF60BCA00BA2BA5 /* Debug */ = {
			isa = XCBuildConfiguration;
			buildSettings = {
				ALWAYS_EMBED_SWIFT_STANDARD_LIBRARIES = YES;
				BUNDLE_LOADER = "$(TEST_HOST)";
				CODE_SIGN_STYLE = Automatic;
				CURRENT_PROJECT_VERSION = 1;
				DEVELOPMENT_TEAM = 8HU6N98YH9;
				GENERATE_INFOPLIST_FILE = YES;
				IPHONEOS_DEPLOYMENT_TARGET = 17.0;
				MARKETING_VERSION = 1.0;
				PRODUCT_BUNDLE_IDENTIFIER = what.HelloWorldAppTests;
				PRODUCT_NAME = "$(TARGET_NAME)";
				SWIFT_EMIT_LOC_STRINGS = NO;
				SWIFT_VERSION = 5.0;
				TARGETED_DEVICE_FAMILY = "1,2";
				TEST_HOST = "$(BUILT_PRODUCTS_DIR)/HelloWorldApp.app/$(BUNDLE_EXECUTABLE_FOLDER_PATH)/HelloWorldApp";
			};
			name = Debug;
		};
		74AA394B2AF60BCA00BA2BA5 /* Release */ = {
			isa = XCBuildConfiguration;
			buildSettings = {
				ALWAYS_EMBED_SWIFT_STANDARD_LIBRARIES = YES;
				BUNDLE_LOADER = "$(TEST_HOST)";
				CODE_SIGN_STYLE = Automatic;
				CURRENT_PROJECT_VERSION = 1;
				DEVELOPMENT_TEAM = 8HU6N98YH9;
				GENERATE_INFOPLIST_FILE = YES;
				IPHONEOS_DEPLOYMENT_TARGET = 17.0;
				MARKETING_VERSION = 1.0;
				PRODUCT_BUNDLE_IDENTIFIER = what.HelloWorldAppTests;
				PRODUCT_NAME = "$(TARGET_NAME)";
				SWIFT_EMIT_LOC_STRINGS = NO;
				SWIFT_VERSION = 5.0;
				TARGETED_DEVICE_FAMILY = "1,2";
				TEST_HOST = "$(BUILT_PRODUCTS_DIR)/HelloWorldApp.app/$(BUNDLE_EXECUTABLE_FOLDER_PATH)/HelloWorldApp";
			};
			name = Release;
		};
		74AA394D2AF60BCA00BA2BA5 /* Debug */ = {
			isa = XCBuildConfiguration;
			buildSettings = {
				ALWAYS_EMBED_SWIFT_STANDARD_LIBRARIES = YES;
				CODE_SIGN_STYLE = Automatic;
				CURRENT_PROJECT_VERSION = 1;
				DEVELOPMENT_TEAM = 8HU6N98YH9;
				GENERATE_INFOPLIST_FILE = YES;
				MARKETING_VERSION = 1.0;
				PRODUCT_BUNDLE_IDENTIFIER = what.HelloWorldAppUITests;
				PRODUCT_NAME = "$(TARGET_NAME)";
				SWIFT_EMIT_LOC_STRINGS = NO;
				SWIFT_VERSION = 5.0;
				TARGETED_DEVICE_FAMILY = "1,2";
				TEST_TARGET_NAME = HelloWorldApp;
			};
			name = Debug;
		};
		74AA394E2AF60BCA00BA2BA5 /* Release */ = {
			isa = XCBuildConfiguration;
			buildSettings = {
				ALWAYS_EMBED_SWIFT_STANDARD_LIBRARIES = YES;
				CODE_SIGN_STYLE = Automatic;
				CURRENT_PROJECT_VERSION = 1;
				DEVELOPMENT_TEAM = 8HU6N98YH9;
				GENERATE_INFOPLIST_FILE = YES;
				MARKETING_VERSION = 1.0;
				PRODUCT_BUNDLE_IDENTIFIER = what.HelloWorldAppUITests;
				PRODUCT_NAME = "$(TARGET_NAME)";
				SWIFT_EMIT_LOC_STRINGS = NO;
				SWIFT_VERSION = 5.0;
				TARGETED_DEVICE_FAMILY = "1,2";
				TEST_TARGET_NAME = HelloWorldApp;
			};
			name = Release;
		};
/* End XCBuildConfiguration section */

/* Begin XCConfigurationList section */
		74AA391D2AF60BC500BA2BA5 /* Build configuration list for PBXProject "Hello World" */ = {
			isa = XCConfigurationList;
			buildConfigurations = (
				74AA39442AF60BCA00BA2BA5 /* Debug */,
				74AA39452AF60BCA00BA2BA5 /* Release */,
			);
			defaultConfigurationIsVisible = 0;
			defaultConfigurationName = Release;
		};
		74AA39462AF60BCA00BA2BA5 /* Build configuration list for PBXNativeTarget "HelloWorldApp" */ = {
			isa = XCConfigurationList;
			buildConfigurations = (
				74AA39472AF60BCA00BA2BA5 /* Debug */,
				74AA39482AF60BCA00BA2BA5 /* Release */,
			);
			defaultConfigurationIsVisible = 0;
			defaultConfigurationName = Release;
		};
		74AA39492AF60BCA00BA2BA5 /* Build configuration list for PBXNativeTarget "HelloWorldAppTests" */ = {
			isa = XCConfigurationList;
			buildConfigurations = (
				74AA394A2AF60BCA00BA2BA5 /* Debug */,
				74AA394B2AF60BCA00BA2BA5 /* Release */,
			);
			defaultConfigurationIsVisible = 0;
			defaultConfigurationName = Release;
		};
		74AA394C2AF60BCA00BA2BA5 /* Build configuration list for PBXNativeTarget "HelloWorldAppUITests" */ = {
			isa = XCConfigurationList;
			buildConfigurations = (
				74AA394D2AF60BCA00BA2BA5 /* Debug */,
				74AA394E2AF60BCA00BA2BA5 /* Release */,
			);
			defaultConfigurationIsVisible = 0;
			defaultConfigurationName = Release;
		};
/* End XCConfigurationList section */
	};
	rootObject = 74AA391A2AF60BC500BA2BA5 /* Project object */;
}
